Microsoft Visual Studio Solution File, Format Version 12.00
# Visual Studio Version 17
VisualStudioVersion = 17.5.2.0
MinimumVisualStudioVersion = 10.0.40219.1
Project("{FAE04EC0-301F-11D3-BF4B-00C04F79EFBC}") = "TlvMunicipalityApi", "TlvMunicipalityApi.csproj", "{5A4594E3-E572-923B-C528-BF5F1623AB41}"
EndProject
Global
	GlobalSection(SolutionConfigurationPlatforms) = preSolution
		Debug|Any CPU = Debug|Any CPU
		Release|Any CPU = Release|Any CPU
	EndGlobalSection
	GlobalSection(ProjectConfigurationPlatforms) = postSolution
		{5A4594E3-E572-923B-C528-BF5F1623AB41}.Debug|Any CPU.ActiveCfg = Debug|Any CPU
		{5A4594E3-E572-923B-C528-BF5F1623AB41}.Debug|Any CPU.Build.0 = Debug|Any CPU
		{5A4594E3-E572-923B-C528-BF5F1623AB41}.Release|Any CPU.ActiveCfg = Release|Any CPU
		{5A4594E3-E572-923B-C528-BF5F1623AB41}.Release|Any CPU.Build.0 = Release|Any CPU
	EndGlobalSection
	GlobalSection(SolutionProperties) = preSolution
		HideSolutionNode = FALSE
	EndGlobalSection
	GlobalSection(ExtensibilityGlobals) = postSolution
		SolutionGuid = {D6B2CBC5-0082-4B09-8312-054B93759B5A}
	EndGlobalSection
EndGlobal
